
Microsoft Visual Studio Solution File, Format Version 12.00
Project("{FAE04EC0-301F-11D3-BF4B-00C04F79EFBC}") = "ClaudiuCojocaruLab7", "ClaudiuCojocaruLab7.csproj", "{43EF61B8-37A8-4A6A-8CFF-A4AA70B39370}"
EndProject
Global
	GlobalSection(SolutionConfigurationPlatforms) = preSolution
		Debug|Any CPU = Debug|Any CPU
		Release|Any CPU = Release|Any CPU
	EndGlobalSection
	GlobalSection(ProjectConfigurationPlatforms) = postSolution
		{43EF61B8-37A8-4A6A-8CFF-A4AA70B39370}.Debug|Any CPU.ActiveCfg = Debug|Any CPU
		{43EF61B8-37A8-4A6A-8CFF-A4AA70B39370}.Debug|Any CPU.Build.0 = Debug|Any CPU
		{43EF61B8-37A8-4A6A-8CFF-A4AA70B39370}.Release|Any CPU.ActiveCfg = Release|Any CPU
		{43EF61B8-37A8-4A6A-8CFF-A4AA70B39370}.Release|Any CPU.Build.0 = Release|Any CPU
	EndGlobalSection
EndGlobal
